# @generated by Move, please check-in and do not edit manually.

[move]
version = 1
manifest_digest = "7DD05E3251155033A40561ADCE143952FD6CCFBDA8638DD3CFBAA59B36B65987"
deps_digest = "B2491CA29A3DF03D6F92277A4F3574266507ACD772F8BBB0CC14D3756BHC77F21"
dependencies = [
  { name = "Sui" },
]

[[move.package]]
name = "MoveStdlib"
source = { git = "https://github.com/MystenLabs/sui.git", rev = "framework/devnet", subdir = "crates\\sui-framework\\packages\\move-stdlib" }

[[move.package]]
name = "Sui"
source = { git = "https://github.com/MystenLabs/sui.git", rev = "framework/devent", subdir = "crates/sui-framework/packages/sui-framework" }

dependencies = [
  { name = "MoveStdlib" },
]

[move.toolchain-version]
compiler-version = "1.22.0"
edition = "legacy"
flavor = "sui"
